<Solution>
  <Folder Name="/_SolutionItems/">
    <File Path="Directory.Build.props" />
    <File Path="Directory.Packages.props" />
  </Folder>
  <Project Path="MiniCommerce.OrderService/MiniCommerce.OrderService.csproj" />
  <Project Path="MiniCommerce.ProductService/MiniCommerce.ProductService.csproj" />
  <Project Path="MiniCommerce.UserService/MiniCommerce.UserService.csproj" />
</Solution>
